DEPENDENCIES
  apt
  etcd (~> 5.6)
  firewall
  kubernetes
    path: .
    metadata: true
  network_interfaces_v2
    git: https://github.com/target/network_interfaces_v2-cookbook.git
    revision: f8fdff4a05e1749200090997a4a253fe4b45a71a
  tar
  testrig
    path: test/integration/cookbooks/testrig
  ufw

GRAPH
  apt (7.0.0)
  chef-sugar (4.0.0)
  docker (4.6.7)
  etcd (5.6.0)
    docker (>= 0.0.0)
  firewall (2.6.3)
    chef-sugar (>= 0.0.0)
  kernel_module (1.1.1)
  kubernetes (1.16.3)
    apt (>= 0.0.0)
    etcd (~> 5.5)
    firewall (>= 0.0.0)
    network_interfaces_v2 (>= 0.0.0)
    tar (>= 0.0.0)
    ufw (>= 0.0.0)
  ms_dotnet (4.2.0)
    windows (>= 2.1.0)
  network_interfaces_v2 (2.11.0)
    kernel_module (~> 1.0)
    powershell (>= 0.0.0)
  powershell (6.1.2)
    ms_dotnet (>= 3.2.1)
    windows (>= 3.0)
  tar (2.1.1)
  testrig (0.0.1)
    kubernetes (>= 0.0.0)
  ufw (3.1.1)
    firewall (>= 2.0)
  windows (4.3.2)
